// !$*UTF8*$!
{
	archiveVersion = 1;
	classes = {
	};
	objectVersion = 50;
	objects = {

/* Begin PBXBuildFile section */
		E0B18DA322C40C6D00E79325 /* select.png in Resources */ = {isa = PBXBuildFile; fileRef = E0B18DA222C40C6D00E79325 /* select.png */; };
		E0FD93D622C39A4B00618A49 /* AppDelegate.swift in Sources */ = {isa = PBXBuildFile; fileRef = E0FD93D522C39A4B00618A49 /* AppDelegate.swift */; };
		E0FD93D822C39A4B00618A49 /* ViewController.swift in Sources */ = {isa = PBXBuildFile; fileRef = E0FD93D722C39A4B00618A49 /* ViewController.swift */; };
		E0FD93DB22C39A4B00618A49 /* Main.storyboard in Resources */ = {isa = PBXBuildFile; fileRef = E0FD93D922C39A4B00618A49 /* Main.storyboard */; };
		E0FD93DE22C39A4B00618A49 /* Art_Book.xcdatamodeld in Sources */ = {isa = PBXBuildFile; fileRef = E0FD93DC22C39A4B00618A49 /* Art_Book.xcdatamodeld */; };
		E0FD93E022C39A4C00618A49 /* Assets.xcassets in Resources */ = {isa = PBXBuildFile; fileRef = E0FD93DF22C39A4C00618A49 /* Assets.xcassets */; };
		E0FD93E322C39A4C00618A49 /* LaunchScreen.storyboard in Resources */ = {isa = PBXBuildFile; fileRef = E0FD93E122C39A4C00618A49 /* LaunchScreen.storyboard */; };
		E0FD93EB22C39FF300618A49 /* detailsVC.swift in Sources */ = {isa = PBXBuildFile; fileRef = E0FD93EA22C39FF300618A49 /* detailsVC.swift */; };
/* End PBXBuildFile section */

/* Begin PBXFileReference section */
		E0B18DA222C40C6D00E79325 /* select.png */ = {isa = PBXFileReference; lastKnownFileType = image.png; path = select.png; sourceTree = "<group>"; };
		E0FD93D222C39A4B00618A49 /* Art Book.app */ = {isa = PBXFileReference; explicitFileType = wrapper.application; includeInIndex = 0; path = "Art Book.app"; sourceTree = BUILT_PRODUCTS_DIR; };
		E0FD93D522C39A4B00618A49 /* AppDelegate.swift */ = {isa = PBXFileReference; lastKnownFileType = sourcecode.swift; path = AppDelegate.swift; sourceTree = "<group>"; };
		E0FD93D722C39A4B00618A49 /* ViewController.swift */ = {isa = PBXFileReference; lastKnownFileType = sourcecode.swift; path = ViewController.swift; sourceTree = "<group>"; };
		E0FD93DA22C39A4B00618A49 /* Base */ = {isa = PBXFileReference; lastKnownFileType = file.storyboard; name = Base; path = Base.lproj/Main.storyboard; sourceTree = "<group>"; };
		E0FD93DD22C39A4B00618A49 /* Art_Book.xcdatamodel */ = {isa = PBXFileReference; lastKnownFileType = wrapper.xcdatamodel; path = Art_Book.xcdatamodel; sourceTree = "<group>"; };
		E0FD93DF22C39A4C00618A49 /* Assets.xcassets */ = {isa = PBXFileReference; lastKnownFileType = folder.assetcatalog; path = Assets.xcassets; sourceTree = "<group>"; };
		E0FD93E222C39A4C00618A49 /* Base */ = {isa = PBXFileReference; lastKnownFileType = file.storyboard; name = Base; path = Base.lproj/LaunchScreen.storyboard; sourceTree = "<group>"; };
		E0FD93E422C39A4C00618A49 /* Info.plist */ = {isa = PBXFileReference; lastKnownFileType = text.plist.xml; path = Info.plist; sourceTree = "<group>"; };
		E0FD93EA22C39FF300618A49 /* detailsVC.swift */ = {isa = PBXFileReference; lastKnownFileType = sourcecode.swift; path = detailsVC.swift; sourceTree = "<group>"; };
/* End PBXFileReference section */

/* Begin PBXFrameworksBuildPhase section */
		E0FD93CF22C39A4B00618A49 /* Frameworks */ = {
			isa = PBXFrameworksBuildPhase;
			buildActionMask = 2147483647;
			files = (
			);
			runOnlyForDeploymentPostprocessing = 0;
		};
/* End PBXFrameworksBuildPhase section */

/* Begin PBXGroup section */
		E0FD93C922C39A4B00618A49 = {
			isa = PBXGroup;
			children = (
				E0FD93D422C39A4B00618A49 /* Art Book */,
				E0FD93D322C39A4B00618A49 /* Products */,
			);
			sourceTree = "<group>";
		};
		E0FD93D322C39A4B00618A49 /* Products */ = {
			isa = PBXGroup;
			children = (
				E0FD93D222C39A4B00618A49 /* Art Book.app */,
			);
			name = Products;
			sourceTree = "<group>";
		};
		E0FD93D422C39A4B00618A49 /* Art Book */ = {
			isa = PBXGroup;
			children = (
				E0B18DA222C40C6D00E79325 /* select.png */,
				E0FD93D522C39A4B00618A49 /* AppDelegate.swift */,
				E0FD93D722C39A4B00618A49 /* ViewController.swift */,
				E0FD93EA22C39FF300618A49 /* detailsVC.swift */,
				E0FD93D922C39A4B00618A49 /* Main.storyboard */,
				E0FD93DF22C39A4C00618A49 /* Assets.xcassets */,
				E0FD93E122C39A4C00618A49 /* LaunchScreen.storyboard */,
				E0FD93E422C39A4C00618A49 /* Info.plist */,
				E0FD93DC22C39A4B00618A49 /* Art_Book.xcdatamodeld */,
			);
			path = "Art Book";
			sourceTree = "<group>";
		};
/* End PBXGroup section */

/* Begin PBXNativeTarget section */
		E0FD93D122C39A4B00618A49 /* Art Book */ = {
			isa = PBXNativeTarget;
			buildConfigurationList = E0FD93E722C39A4C00618A49 /* Build configuration list for PBXNativeTarget "Art Book" */;
			buildPhases = (
				E0FD93CE22C39A4B00618A49 /* Sources */,
				E0FD93CF22C39A4B00618A49 /* Frameworks */,
				E0FD93D022C39A4B00618A49 /* Resources */,
			);
			buildRules = (
			);
			dependencies = (
			);
			name = "Art Book";
			productName = "Art Book";
			productReference = E0FD93D222C39A4B00618A49 /* Art Book.app */;
			productType = "com.apple.product-type.application";
		};
/* End PBXNativeTarget section */

/* Begin PBXProject section */
		E0FD93CA22C39A4B00618A49 /* Project object */ = {
			isa = PBXProject;
			attributes = {
				LastSwiftUpdateCheck = 1020;
				LastUpgradeCheck = 1020;
				ORGANIZATIONNAME = "Izzet Kara";
				TargetAttributes = {
					E0FD93D122C39A4B00618A49 = {
						CreatedOnToolsVersion = 10.2.1;
					};
				};
			};
			buildConfigurationList = E0FD93CD22C39A4B00618A49 /* Build configuration list for PBXProject "Art Book" */;
			compatibilityVersion = "Xcode 9.3";
			developmentRegion = en;
			hasScannedForEncodings = 0;
			knownRegions = (
				en,
				Base,
			);
			mainGroup = E0FD93C922C39A4B00618A49;
			productRefGroup = E0FD93D322C39A4B00618A49 /* Products */;
			projectDirPath = "";
			projectRoot = "";
			targets = (
				E0FD93D122C39A4B00618A49 /* Art Book */,
			);
		};
/* End PBXProject section */

/* Begin PBXResourcesBuildPhase section */
		E0FD93D022C39A4B00618A49 /* Resources */ = {
			isa = PBXResourcesBuildPhase;
			buildActionMask = 2147483647;
			files = (
				E0FD93E322C39A4C00618A49 /* LaunchScreen.storyboard in Resources */,
				E0B18DA322C40C6D00E79325 /* select.png in Resources */,
				E0FD93E022C39A4C00618A49 /* Assets.xcassets in Resources */,
				E0FD93DB22C39A4B00618A49 /* Main.storyboard in Resources */,
			);
			runOnlyForDeploymentPostprocessing = 0;
		};
/* End PBXResourcesBuildPhase section */

/* Begin PBXSourcesBuildPhase section */
		E0FD93CE22C39A4B00618A49 /* Sources */ = {
			isa = PBXSourcesBuildPhase;
			buildActionMask = 2147483647;
			files = (
				E0FD93D822C39A4B00618A49 /* ViewController.swift in Sources */,
				E0FD93EB22C39FF300618A49 /* detailsVC.swift in Sources */,
				E0FD93D622C39A4B00618A49 /* AppDelegate.swift in Sources */,
				E0FD93DE22C39A4B00618A49 /* Art_Book.xcdatamodeld in Sources */,
			);
			runOnlyForDeploymentPostprocessing = 0;
		};
/* End PBXSourcesBuildPhase section */

/* Begin PBXVariantGroup section */
		E0FD93D922C39A4B00618A49 /* Main.storyboard */ = {
			isa = PBXVariantGroup;
			children = (
				E0FD93DA22C39A4B00618A49 /* Base */,
			);
			name = Main.storyboard;
			sourceTree = "<group>";
		};
		E0FD93E122C39A4C00618A49 /* LaunchScreen.storyboard */ = {
			isa = PBXVariantGroup;
			children = (
				E0FD93E222C39A4C00618A49 /* Base */,
			);
			name = LaunchScreen.storyboard;
			sourceTree = "<group>";
		};
/* End PBXVariantGroup section */

/* Begin XCBuildConfiguration section */
		E0FD93E522C39A4C00618A49 /* Debug */ = {
			isa = XCBuildConfiguration;
			buildSettings = {
				ALWAYS_SEARCH_USER_PATHS = NO;
				CLANG_ANALYZER_NONNULL = YES;
				CLANG_ANALYZER_NUMBER_OBJECT_CONVERSION = YES_AGGRESSIVE;
				CLANG_CXX_LANGUAGE_STANDARD = "gnu++14";
				CLANG_CXX_LIBRARY = "libc++";
				CLANG_ENABLE_MODULES = YES;
				CLANG_ENABLE_OBJC_ARC = YES;
				CLANG_ENABLE_OBJC_WEAK = YES;
				CLANG_WARN_BLOCK_CAPTURE_AUTORELEASING = YES;
				CLANG_WARN_BOOL_CONVERSION = YES;
				CLANG_WARN_COMMA = YES;
				CLANG_WARN_CONSTANT_CONVERSION = YES;
				CLANG_WARN_DEPRECATED_OBJC_IMPLEMENTATIONS = YES;
				CLANG_WARN_DIRECT_OBJC_ISA_USAGE = YES_ERROR;
				CLANG_WARN_DOCUMENTATION_COMMENTS = YES;
				CLANG_WARN_EMPTY_BODY = YES;
				CLANG_WARN_ENUM_CONVERSION = YES;
				CLANG_WARN_INFINITE_RECURSION = YES;
				CLANG_WARN_INT_CONVERSION = YES;
				CLANG_WARN_NON_LITERAL_NULL_CONVERSION = YES;
				CLANG_WARN_OBJC_IMPLICIT_RETAIN_SELF = YES;
				CLANG_WARN_OBJC_LITERAL_CONVERSION = YES;
				CLANG_WARN_OBJC_ROOT_CLASS = YES_ERROR;
				CLANG_WARN_RANGE_LOOP_ANALYSIS = YES;
				CLANG_WARN_STRICT_PROTOTYPES = YES;
				CLANG_WARN_SUSPICIOUS_MOVE = YES;
				CLANG_WARN_UNGUARDED_AVAILABILITY = YES_AGGRESSIVE;
				CLANG_WARN_UNREACHABLE_CODE = YES;
				CLANG_WARN__DUPLICATE_METHOD_MATCH = YES;
				CODE_SIGN_IDENTITY = "iPhone Developer";
				COPY_PHASE_STRIP = NO;
				DEBUG_INFORMATION_FORMAT = dwarf;
				ENABLE_STRICT_OBJC_MSGSEND = YES;
				ENABLE_TESTABILITY = YES;
				GCC_C_LANGUAGE_STANDARD = gnu11;
				GCC_DYNAMIC_NO_PIC = NO;
				GCC_NO_COMMON_BLOCKS = YES;
				GCC_OPTIMIZATION_LEVEL = 0;
				GCC_PREPROCESSOR_DEFINITIONS = (
					"DEBUG=1",
					"$(inherited)",
				);
				GCC_WARN_64_TO_32_BIT_CONVERSION = YES;
				GCC_WARN_ABOUT_RETURN_TYPE = YES_ERROR;
				GCC_WARN_UNDECLARED_SELECTOR = YES;
				GCC_WARN_UNINITIALIZED_AUTOS = YES_AGGRESSIVE;
				GCC_WARN_UNUSED_FUNCTION = YES;
				GCC_WARN_UNUSED_VARIABLE = YES;
				IPHONEOS_DEPLOYMENT_TARGET = 12.2;
				MTL_ENABLE_DEBUG_INFO = INCLUDE_SOURCE;
				MTL_FAST_MATH = YES;
				ONLY_ACTIVE_ARCH = YES;
				SDKROOT = iphoneos;
				SWIFT_ACTIVE_COMPILATION_CONDITIONS = DEBUG;
				SWIFT_OPTIMIZATION_LEVEL = "-Onone";
			};
			name = Debug;
		};
		E0FD93E622C39A4C00618A49 /* Release */ = {
			isa = XCBuildConfiguration;
			buildSettings = {
				ALWAYS_SEARCH_USER_PATHS = NO;
				CLANG_ANALYZER_NONNULL = YES;
				CLANG_ANALYZER_NUMBER_OBJECT_CONVERSION = YES_AGGRESSIVE;
				CLANG_CXX_LANGUAGE_STANDARD = "gnu++14";
				CLANG_CXX_LIBRARY = "libc++";
				CLANG_ENABLE_MODULES = YES;
				CLANG_ENABLE_OBJC_ARC = YES;
				CLANG_ENABLE_OBJC_WEAK = YES;
				CLANG_WARN_BLOCK_CAPTURE_AUTORELEASING = YES;
				CLANG_WARN_BOOL_CONVERSION = YES;
				CLANG_WARN_COMMA = YES;
				CLANG_WARN_CONSTANT_CONVERSION = YES;
				CLANG_WARN_DEPRECATED_OBJC_IMPLEMENTATIONS = YES;
				CLANG_WARN_DIRECT_OBJC_ISA_USAGE = YES_ERROR;
				CLANG_WARN_DOCUMENTATION_COMMENTS = YES;
				CLANG_WARN_EMPTY_BODY = YES;
				CLANG_WARN_ENUM_CONVERSION = YES;
				CLANG_WARN_INFINITE_RECURSION = YES;
				CLANG_WARN_INT_CONVERSION = YES;
				CLANG_WARN_NON_LITERAL_NULL_CONVERSION = YES;
				CLANG_WARN_OBJC_IMPLICIT_RETAIN_SELF = YES;
				CLANG_WARN_OBJC_LITERAL_CONVERSION = YES;
				CLANG_WARN_OBJC_ROOT_CLASS = YES_ERROR;
				CLANG_WARN_RANGE_LOOP_ANALYSIS = YES;
				CLANG_WARN_STRICT_PROTOTYPES = YES;
				CLANG_WARN_SUSPICIOUS_MOVE = YES;
				CLANG_WARN_UNGUARDED_AVAILABILITY = YES_AGGRESSIVE;
				CLANG_WARN_UNREACHABLE_CODE = YES;
				CLANG_WARN__DUPLICATE_METHOD_MATCH = YES;
				CODE_SIGN_IDENTITY = "iPhone Developer";
				COPY_PHASE_STRIP = NO;
				DEBUG_INFORMATION_FORMAT = "dwarf-with-dsym";
				ENABLE_NS_ASSERTIONS = NO;
				ENABLE_STRICT_OBJC_MSGSEND = YES;
				GCC_C_LANGUAGE_STANDARD = gnu11;
				GCC_NO_COMMON_BLOCKS = YES;
				GCC_WARN_64_TO_32_BIT_CONVERSION = YES;
				GCC_WARN_ABOUT_RETURN_TYPE = YES_ERROR;
				GCC_WARN_UNDECLARED_SELECTOR = YES;
				GCC_WARN_UNINITIALIZED_AUTOS = YES_AGGRESSIVE;
				GCC_WARN_UNUSED_FUNCTION = YES;
				GCC_WARN_UNUSED_VARIABLE = YES;
				IPHONEOS_DEPLOYMENT_TARGET = 12.2;
				MTL_ENABLE_DEBUG_INFO = NO;
				MTL_FAST_MATH = YES;
				SDKROOT = iphoneos;
				SWIFT_COMPILATION_MODE = wholemodule;
				SWIFT_OPTIMIZATION_LEVEL = "-O";
				VALIDATE_PRODUCT = YES;
			};
			name = Release;
		};
		E0FD93E822C39A4C00618A49 /* Debug */ = {
			isa = XCBuildConfiguration;
			buildSettings = {
				ASSETCATALOG_COMPILER_APPICON_NAME = AppIcon;
				CODE_SIGN_STYLE = Automatic;
				DEVELOPMENT_TEAM = R64D6JX44C;
				INFOPLIST_FILE = "Art Book/Info.plist";
				LD_RUNPATH_SEARCH_PATHS = (
					"$(inherited)",
					"@executable_path/Frameworks",
				);
				PRODUCT_BUNDLE_IDENTIFIER = "com.kub10.Art-Book";
				PRODUCT_NAME = "$(TARGET_NAME)";
				SWIFT_VERSION = 5.0;
				TARGETED_DEVICE_FAMILY = "1,2";
			};
			name = Debug;
		};
		E0FD93E922C39A4C00618A49 /* Release */ = {
			isa = XCBuildConfiguration;
			buildSettings = {
				ASSETCATALOG_COMPILER_APPICON_NAME = AppIcon;
				CODE_SIGN_STYLE = Automatic;
				DEVELOPMENT_TEAM = R64D6JX44C;
				INFOPLIST_FILE = "Art Book/Info.plist";
				LD_RUNPATH_SEARCH_PATHS = (
					"$(inherited)",
					"@executable_path/Frameworks",
				);
				PRODUCT_BUNDLE_IDENTIFIER = "com.kub10.Art-Book";
				PRODUCT_NAME = "$(TARGET_NAME)";
				SWIFT_VERSION = 5.0;
				TARGETED_DEVICE_FAMILY = "1,2";
			};
			name = Release;
		};
/* End XCBuildConfiguration section */

/* Begin XCConfigurationList section */
		E0FD93CD22C39A4B00618A49 /* Build configuration list for PBXProject "Art Book" */ = {
			isa = XCConfigurationList;
			buildConfigurations = (
				E0FD93E522C39A4C00618A49 /* Debug */,
				E0FD93E622C39A4C00618A49 /* Release */,
			);
			defaultConfigurationIsVisible = 0;
			defaultConfigurationName = Release;
		};
		E0FD93E722C39A4C00618A49 /* Build configuration list for PBXNativeTarget "Art Book" */ = {
			isa = XCConfigurationList;
			buildConfigurations = (
				E0FD93E822C39A4C00618A49 /* Debug */,
				E0FD93E922C39A4C00618A49 /* Release */,
			);
			defaultConfigurationIsVisible = 0;
			defaultConfigurationName = Release;
		};
/* End XCConfigurationList section */

/* Begin XCVersionGroup section */
		E0FD93DC22C39A4B00618A49 /* Art_Book.xcdatamodeld */ = {
			isa = XCVersionGroup;
			children = (
				E0FD93DD22C39A4B00618A49 /* Art_Book.xcdatamodel */,
			);
			currentVersion = E0FD93DD22C39A4B00618A49 /* Art_Book.xcdatamodel */;
			path = Art_Book.xcdatamodeld;
			sourceTree = "<group>";
			versionGroupType = wrapper.xcdatamodel;
		};
/* End XCVersionGroup section */
	};
	rootObject = E0FD93CA22C39A4B00618A49 /* Project object */;
}
